
Microsoft Visual Studio Solution File, Format Version 12.00
# Visual Studio Version 17
VisualStudioVersion = 17.3.32825.248
MinimumVisualStudioVersion = 10.0.40219.1
Project("{FAE04EC0-301F-11D3-BF4B-00C04F79EFBC}") = "zadanie4Molotova.Android", "zadanie4Molotova.Android\zadanie4Molotova.Android.csproj", "{927793F4-F56A-4503-96FB-75E4254EF8B6}"
EndProject
Project("{FAE04EC0-301F-11D3-BF4B-00C04F79EFBC}") = "zadanie4Molotova.iOS", "zadanie4Molotova.iOS\zadanie4Molotova.iOS.csproj", "{1B93AA31-A82C-4B44-B8D4-C4BE8DC6E088}"
EndProject
Project("{FAE04EC0-301F-11D3-BF4B-00C04F79EFBC}") = "zadanie4Molotova", "zadanie4Molotova\zadanie4Molotova.csproj", "{BD727CF9-5B63-4001-9EAF-F6E674B18CD7}"
EndProject
Global
	GlobalSection(SolutionConfigurationPlatforms) = preSolution
		Debug|Any CPU = Debug|Any CPU
		Debug|iPhone = Debug|iPhone
		Debug|iPhoneSimulator = Debug|iPhoneSimulator
		Release|Any CPU = Release|Any CPU
		Release|iPhone = Release|iPhone
		Release|iPhoneSimulator = Release|iPhoneSimulator
	EndGlobalSection
	GlobalSection(ProjectConfigurationPlatforms) = postSolution
		{927793F4-F56A-4503-96FB-75E4254EF8B6}.Debug|Any CPU.ActiveCfg = Debug|Any CPU
		{927793F4-F56A-4503-96FB-75E4254EF8B6}.Debug|Any CPU.Build.0 = Debug|Any CPU
		{927793F4-F56A-4503-96FB-75E4254EF8B6}.Debug|Any CPU.Deploy.0 = Debug|Any CPU
		{927793F4-F56A-4503-96FB-75E4254EF8B6}.Debug|iPhone.ActiveCfg = Debug|Any CPU
		{927793F4-F56A-4503-96FB-75E4254EF8B6}.Debug|iPhone.Build.0 = Debug|Any CPU
		{927793F4-F56A-4503-96FB-75E4254EF8B6}.Debug|iPhone.Deploy.0 = Debug|Any CPU
		{927793F4-F56A-4503-96FB-75E4254EF8B6}.Debug|iPhoneSimulator.ActiveCfg = Debug|Any CPU
		{927793F4-F56A-4503-96FB-75E4254EF8B6}.Debug|iPhoneSimulator.Build.0 = Debug|Any CPU
		{927793F4-F56A-4503-96FB-75E4254EF8B6}.Debug|iPhoneSimulator.Deploy.0 = Debug|Any CPU
		{927793F4-F56A-4503-96FB-75E4254EF8B6}.Release|Any CPU.ActiveCfg = Release|Any CPU
		{927793F4-F56A-4503-96FB-75E4254EF8B6}.Release|Any CPU.Build.0 = Release|Any CPU
		{927793F4-F56A-4503-96FB-75E4254EF8B6}.Release|Any CPU.Deploy.0 = Release|Any CPU
		{927793F4-F56A-4503-96FB-75E4254EF8B6}.Release|iPhone.ActiveCfg = Release|Any CPU
		{927793F4-F56A-4503-96FB-75E4254EF8B6}.Release|iPhone.Build.0 = Release|Any CPU
		{927793F4-F56A-4503-96FB-75E4254EF8B6}.Release|iPhone.Deploy.0 = Release|Any CPU
		{927793F4-F56A-4503-96FB-75E4254EF8B6}.Release|iPhoneSimulator.ActiveCfg = Release|Any CPU
		{927793F4-F56A-4503-96FB-75E4254EF8B6}.Release|iPhoneSimulator.Build.0 = Release|Any CPU
		{927793F4-F56A-4503-96FB-75E4254EF8B6}.Release|iPhoneSimulator.Deploy.0 = Release|Any CPU
		{1B93AA31-A82C-4B44-B8D4-C4BE8DC6E088}.Debug|Any CPU.ActiveCfg = Debug|iPhone
		{1B93AA31-A82C-4B44-B8D4-C4BE8DC6E088}.Debug|Any CPU.Build.0 = Debug|iPhone
		{1B93AA31-A82C-4B44-B8D4-C4BE8DC6E088}.Debug|Any CPU.Deploy.0 = Debug|iPhone
		{1B93AA31-A82C-4B44-B8D4-C4BE8DC6E088}.Debug|iPhone.ActiveCfg = Debug|iPhone
		{1B93AA31-A82C-4B44-B8D4-C4BE8DC6E088}.Debug|iPhone.Build.0 = Debug|iPhone
		{1B93AA31-A82C-4B44-B8D4-C4BE8DC6E088}.Debug|iPhone.Deploy.0 = Debug|iPhone
		{1B93AA31-A82C-4B44-B8D4-C4BE8DC6E088}.Debug|iPhoneSimulator.ActiveCfg = Debug|iPhoneSimulator
		{1B93AA31-A82C-4B44-B8D4-C4BE8DC6E088}.Debug|iPhoneSimulator.Build.0 = Debug|iPhoneSimulator
		{1B93AA31-A82C-4B44-B8D4-C4BE8DC6E088}.Debug|iPhoneSimulator.Deploy.0 = Debug|iPhoneSimulator
		{1B93AA31-A82C-4B44-B8D4-C4BE8DC6E088}.Release|Any CPU.ActiveCfg = Release|iPhoneSimulator
		{1B93AA31-A82C-4B44-B8D4-C4BE8DC6E088}.Release|Any CPU.Build.0 = Release|iPhoneSimulator
		{1B93AA31-A82C-4B44-B8D4-C4BE8DC6E088}.Release|Any CPU.Deploy.0 = Release|iPhoneSimulator
		{1B93AA31-A82C-4B44-B8D4-C4BE8DC6E088}.Release|iPhone.ActiveCfg = Release|iPhone
		{1B93AA31-A82C-4B44-B8D4-C4BE8DC6E088}.Release|iPhone.Build.0 = Release|iPhone
		{1B93AA31-A82C-4B44-B8D4-C4BE8DC6E088}.Release|iPhone.Deploy.0 = Release|iPhone
		{1B93AA31-A82C-4B44-B8D4-C4BE8DC6E088}.Release|iPhoneSimulator.ActiveCfg = Release|iPhoneSimulator
		{1B93AA31-A82C-4B44-B8D4-C4BE8DC6E088}.Release|iPhoneSimulator.Build.0 = Release|iPhoneSimulator
		{1B93AA31-A82C-4B44-B8D4-C4BE8DC6E088}.Release|iPhoneSimulator.Deploy.0 = Release|iPhoneSimulator
		{BD727CF9-5B63-4001-9EAF-F6E674B18CD7}.Debug|Any CPU.ActiveCfg = Debug|Any CPU
		{BD727CF9-5B63-4001-9EAF-F6E674B18CD7}.Debug|Any CPU.Build.0 = Debug|Any CPU
		{BD727CF9-5B63-4001-9EAF-F6E674B18CD7}.Debug|Any CPU.Deploy.0 = Debug|Any CPU
		{BD727CF9-5B63-4001-9EAF-F6E674B18CD7}.Debug|iPhone.ActiveCfg = Debug|Any CPU
		{BD727CF9-5B63-4001-9EAF-F6E674B18CD7}.Debug|iPhone.Build.0 = Debug|Any CPU
		{BD727CF9-5B63-4001-9EAF-F6E674B18CD7}.Debug|iPhone.Deploy.0 = Debug|Any CPU
		{BD727CF9-5B63-4001-9EAF-F6E674B18CD7}.Debug|iPhoneSimulator.ActiveCfg = Debug|Any CPU
		{BD727CF9-5B63-4001-9EAF-F6E674B18CD7}.Debug|iPhoneSimulator.Build.0 = Debug|Any CPU
		{BD727CF9-5B63-4001-9EAF-F6E674B18CD7}.Debug|iPhoneSimulator.Deploy.0 = Debug|Any CPU
		{BD727CF9-5B63-4001-9EAF-F6E674B18CD7}.Release|Any CPU.ActiveCfg = Release|Any CPU
		{BD727CF9-5B63-4001-9EAF-F6E674B18CD7}.Release|Any CPU.Build.0 = Release|Any CPU
		{BD727CF9-5B63-4001-9EAF-F6E674B18CD7}.Release|Any CPU.Deploy.0 = Release|Any CPU
		{BD727CF9-5B63-4001-9EAF-F6E674B18CD7}.Release|iPhone.ActiveCfg = Release|Any CPU
		{BD727CF9-5B63-4001-9EAF-F6E674B18CD7}.Release|iPhone.Build.0 = Release|Any CPU
		{BD727CF9-5B63-4001-9EAF-F6E674B18CD7}.Release|iPhone.Deploy.0 = Release|Any CPU
		{BD727CF9-5B63-4001-9EAF-F6E674B18CD7}.Release|iPhoneSimulator.ActiveCfg = Release|Any CPU
		{BD727CF9-5B63-4001-9EAF-F6E674B18CD7}.Release|iPhoneSimulator.Build.0 = Release|Any CPU
		{BD727CF9-5B63-4001-9EAF-F6E674B18CD7}.Release|iPhoneSimulator.Deploy.0 = Release|Any CPU
	EndGlobalSection
	GlobalSection(SolutionProperties) = preSolution
		HideSolutionNode = FALSE
	EndGlobalSection
	GlobalSection(ExtensibilityGlobals) = postSolution
		SolutionGuid = {E3654DB9-5626-491D-96BE-9EA46E49D7F6}
	EndGlobalSection
EndGlobal
